
Microsoft Visual Studio Solution File, Format Version 12.00
# Visual Studio 2013
VisualStudioVersion = 12.0.31101.0
MinimumVisualStudioVersion = 10.0.40219.1
Project("{FAE04EC0-301F-11D3-BF4B-00C04F79EFBC}") = "DetectLinkedListLoop", "DetectLinkedListLoop\DetectLinkedListLoop.csproj", "{13608F5A-72CD-4C10-88B5-5253FC62D347}"
EndProject
Project("{FAE04EC0-301F-11D3-BF4B-00C04F79EFBC}") = "DetectLinkedListLoopTests", "DetectLinkedListLoopTests\DetectLinkedListLoopTests.csproj", "{D32C6D01-7BD7-4787-A6F9-B9A7C55140FB}"
EndProject
Project("{2150E333-8FDC-42A3-9474-1A3956D46DE8}") = ".nuget", ".nuget", "{FA0955FC-344E-44C4-B27E-E72C48E2DAC7}"
EndProject
Global
	GlobalSection(SolutionConfigurationPlatforms) = preSolution
		Debug|Any CPU = Debug|Any CPU
		Release|Any CPU = Release|Any CPU
	EndGlobalSection
	GlobalSection(ProjectConfigurationPlatforms) = postSolution
		{13608F5A-72CD-4C10-88B5-5253FC62D347}.Debug|Any CPU.ActiveCfg = Debug|Any CPU
		{13608F5A-72CD-4C10-88B5-5253FC62D347}.Debug|Any CPU.Build.0 = Debug|Any CPU
		{13608F5A-72CD-4C10-88B5-5253FC62D347}.Release|Any CPU.ActiveCfg = Release|Any CPU
		{13608F5A-72CD-4C10-88B5-5253FC62D347}.Release|Any CPU.Build.0 = Release|Any CPU
		{D32C6D01-7BD7-4787-A6F9-B9A7C55140FB}.Debug|Any CPU.ActiveCfg = Debug|Any CPU
		{D32C6D01-7BD7-4787-A6F9-B9A7C55140FB}.Debug|Any CPU.Build.0 = Debug|Any CPU
		{D32C6D01-7BD7-4787-A6F9-B9A7C55140FB}.Release|Any CPU.ActiveCfg = Release|Any CPU
		{D32C6D01-7BD7-4787-A6F9-B9A7C55140FB}.Release|Any CPU.Build.0 = Release|Any CPU
	EndGlobalSection
	GlobalSection(SolutionProperties) = preSolution
		HideSolutionNode = FALSE
	EndGlobalSection
EndGlobal
